
Microsoft Visual Studio Solution File, Format Version 12.00
# Visual Studio Version 17
VisualStudioVersion = 17.0.31903.59
MinimumVisualStudioVersion = 10.0.40219.1
Project("{9A19103F-16F7-4668-BE54-9A1E7A4F7556}") = "LaptopRentalManagement", "LaptopRentalManagement\LaptopRentalManagement.csproj", "{08EAFF10-BE50-428B-B1B7-968B908DFF1C}"
EndProject
Project("{9A19103F-16F7-4668-BE54-9A1E7A4F7556}") = "LaptopRentalManagement.DAL", "LaptopRentalManagement.DAL\LaptopRentalManagement.DAL.csproj", "{A3714A6A-CDB9-4FBB-8B8E-F4764FBD06A7}"
EndProject
Project("{9A19103F-16F7-4668-BE54-9A1E7A4F7556}") = "LaptopRentalManagement.BLL", "LaptopRentalManagement.BLL\LaptopRentalManagement.BLL.csproj", "{0375CA89-FED0-4A02-AAA7-35D9CE4ACC41}"
EndProject
Project("{9A19103F-16F7-4668-BE54-9A1E7A4F7556}") = "LaptopRentalManagement.Model", "LaptopRentalManagement.Model\LaptopRentalManagement.Model.csproj", "{7BC13693-E259-4414-A3CD-F982E8901A87}"
EndProject
Global
	GlobalSection(SolutionConfigurationPlatforms) = preSolution
		Debug|Any CPU = Debug|Any CPU
		Release|Any CPU = Release|Any CPU
	EndGlobalSection
	GlobalSection(ProjectConfigurationPlatforms) = postSolution
		{08EAFF10-BE50-428B-B1B7-968B908DFF1C}.Debug|Any CPU.ActiveCfg = Debug|Any CPU
		{08EAFF10-BE50-428B-B1B7-968B908DFF1C}.Debug|Any CPU.Build.0 = Debug|Any CPU
		{08EAFF10-BE50-428B-B1B7-968B908DFF1C}.Release|Any CPU.ActiveCfg = Release|Any CPU
		{08EAFF10-BE50-428B-B1B7-968B908DFF1C}.Release|Any CPU.Build.0 = Release|Any CPU
		{A3714A6A-CDB9-4FBB-8B8E-F4764FBD06A7}.Debug|Any CPU.ActiveCfg = Debug|Any CPU
		{A3714A6A-CDB9-4FBB-8B8E-F4764FBD06A7}.Debug|Any CPU.Build.0 = Debug|Any CPU
		{A3714A6A-CDB9-4FBB-8B8E-F4764FBD06A7}.Release|Any CPU.ActiveCfg = Release|Any CPU
		{A3714A6A-CDB9-4FBB-8B8E-F4764FBD06A7}.Release|Any CPU.Build.0 = Release|Any CPU
		{0375CA89-FED0-4A02-AAA7-35D9CE4ACC41}.Debug|Any CPU.ActiveCfg = Debug|Any CPU
		{0375CA89-FED0-4A02-AAA7-35D9CE4ACC41}.Debug|Any CPU.Build.0 = Debug|Any CPU
		{0375CA89-FED0-4A02-AAA7-35D9CE4ACC41}.Release|Any CPU.ActiveCfg = Release|Any CPU
		{0375CA89-FED0-4A02-AAA7-35D9CE4ACC41}.Release|Any CPU.Build.0 = Release|Any CPU
		{7BC13693-E259-4414-A3CD-F982E8901A87}.Debug|Any CPU.ActiveCfg = Debug|Any CPU
		{7BC13693-E259-4414-A3CD-F982E8901A87}.Debug|Any CPU.Build.0 = Debug|Any CPU
		{7BC13693-E259-4414-A3CD-F982E8901A87}.Release|Any CPU.ActiveCfg = Release|Any CPU
		{7BC13693-E259-4414-A3CD-F982E8901A87}.Release|Any CPU.Build.0 = Release|Any CPU
	EndGlobalSection
	GlobalSection(SolutionProperties) = preSolution
		HideSolutionNode = FALSE
	EndGlobalSection
	GlobalSection(ExtensibilityGlobals) = postSolution
		SolutionGuid = {003E5197-09D8-4DA0-881C-30CEF4D43E7F}
	EndGlobalSection
EndGlobal
